
Microsoft Visual Studio Solution File, Format Version 12.00
# Visual Studio Version 16
VisualStudioVersion = 16.0.32126.315
MinimumVisualStudioVersion = 10.0.40219.1
Project("{9A19103F-16F7-4668-BE54-9A1E7A4F7556}") = "EmployeeAutomapper", "EmployeeAutomapper.csproj", "{B4BAB075-A8D4-4222-8DAE-B55B6BE4ED8B}"
EndProject
Global
	GlobalSection(SolutionConfigurationPlatforms) = preSolution
		Debug|Any CPU = Debug|Any CPU
		Release|Any CPU = Release|Any CPU
	EndGlobalSection
	GlobalSection(ProjectConfigurationPlatforms) = postSolution
		{B4BAB075-A8D4-4222-8DAE-B55B6BE4ED8B}.Debug|Any CPU.ActiveCfg = Debug|Any CPU
		{B4BAB075-A8D4-4222-8DAE-B55B6BE4ED8B}.Debug|Any CPU.Build.0 = Debug|Any CPU
		{B4BAB075-A8D4-4222-8DAE-B55B6BE4ED8B}.Release|Any CPU.ActiveCfg = Release|Any CPU
		{B4BAB075-A8D4-4222-8DAE-B55B6BE4ED8B}.Release|Any CPU.Build.0 = Release|Any CPU
	EndGlobalSection
	GlobalSection(SolutionProperties) = preSolution
		HideSolutionNode = FALSE
	EndGlobalSection
	GlobalSection(ExtensibilityGlobals) = postSolution
		SolutionGuid = {D128767D-509F-4A12-B557-9E2E428CB79B}
	EndGlobalSection
EndGlobal
